
Microsoft Visual Studio Solution File, Format Version 12.00
# Visual Studio 2012
Project("{FAE04EC0-301F-11D3-BF4B-00C04F79EFBC}") = "close-window", "close-window.csproj", "{04A6CB59-0DDB-4BE7-B7A2-DCD2B0023DC3}"
EndProject
Global
	GlobalSection(SolutionConfigurationPlatforms) = preSolution
		Debug|Any CPU = Debug|Any CPU
		Release|Any CPU = Release|Any CPU
	EndGlobalSection
	GlobalSection(ProjectConfigurationPlatforms) = postSolution
		{04A6CB59-0DDB-4BE7-B7A2-DCD2B0023DC3}.Debug|Any CPU.ActiveCfg = Debug|Any CPU
		{04A6CB59-0DDB-4BE7-B7A2-DCD2B0023DC3}.Debug|Any CPU.Build.0 = Debug|Any CPU
		{04A6CB59-0DDB-4BE7-B7A2-DCD2B0023DC3}.Release|Any CPU.ActiveCfg = Release|Any CPU
		{04A6CB59-0DDB-4BE7-B7A2-DCD2B0023DC3}.Release|Any CPU.Build.0 = Release|Any CPU
	EndGlobalSection
	GlobalSection(SolutionProperties) = preSolution
		HideSolutionNode = FALSE
	EndGlobalSection
EndGlobal
